
Microsoft Visual Studio Solution File, Format Version 12.00
# Visual Studio 15
VisualStudioVersion = 15.0.26430.16
MinimumVisualStudioVersion = 10.0.40219.1
Project("{D954291E-2A0B-460D-934E-DC6B0785DB48}") = "PublicQueue", "PublicQueue\PublicQueue\PublicQueue.shproj", "{86A20839-C34A-4F9F-BE74-F776CCDC7D47}"
EndProject
Project("{FAE04EC0-301F-11D3-BF4B-00C04F79EFBC}") = "PublicQueue.Android", "PublicQueue\PublicQueue.Android\PublicQueue.Android.csproj", "{04F48808-1EE2-4414-997B-877EF924F53A}"
EndProject
Project("{FAE04EC0-301F-11D3-BF4B-00C04F79EFBC}") = "PublicQueue.iOS", "PublicQueue\PublicQueue.iOS\PublicQueue.iOS.csproj", "{9519896A-5938-4450-8D02-9C7CAC2DC989}"
EndProject
Project("{FAE04EC0-301F-11D3-BF4B-00C04F79EFBC}") = "PublicQueue.UWP", "PublicQueue\PublicQueue.UWP\PublicQueue.UWP.csproj", "{4CA53BCA-1FA2-4E2D-BB9D-2D4273AB7966}"
EndProject
Global
	GlobalSection(SharedMSBuildProjectFiles) = preSolution
		PublicQueue\PublicQueue\PublicQueue.projitems*{04f48808-1ee2-4414-997b-877ef924f53a}*SharedItemsImports = 4
		PublicQueue\PublicQueue\PublicQueue.projitems*{86a20839-c34a-4f9f-be74-f776ccdc7d47}*SharedItemsImports = 13
		PublicQueue\PublicQueue\PublicQueue.projitems*{9519896a-5938-4450-8d02-9c7cac2dc989}*SharedItemsImports = 4
	EndGlobalSection
	GlobalSection(SolutionConfigurationPlatforms) = preSolution
		Ad-Hoc|Any CPU = Ad-Hoc|Any CPU
		Ad-Hoc|ARM = Ad-Hoc|ARM
		Ad-Hoc|iPhone = Ad-Hoc|iPhone
		Ad-Hoc|iPhoneSimulator = Ad-Hoc|iPhoneSimulator
		Ad-Hoc|x64 = Ad-Hoc|x64
		Ad-Hoc|x86 = Ad-Hoc|x86
		AppStore|Any CPU = AppStore|Any CPU
		AppStore|ARM = AppStore|ARM
		AppStore|iPhone = AppStore|iPhone
		AppStore|iPhoneSimulator = AppStore|iPhoneSimulator
		AppStore|x64 = AppStore|x64
		AppStore|x86 = AppStore|x86
		Debug|Any CPU = Debug|Any CPU
		Debug|ARM = Debug|ARM
		Debug|iPhone = Debug|iPhone
		Debug|iPhoneSimulator = Debug|iPhoneSimulator
		Debug|x64 = Debug|x64
		Debug|x86 = Debug|x86
		Release|Any CPU = Release|Any CPU
		Release|ARM = Release|ARM
		Release|iPhone = Release|iPhone
		Release|iPhoneSimulator = Release|iPhoneSimulator
		Release|x64 = Release|x64
		Release|x86 = Release|x86
	EndGlobalSection
	GlobalSection(ProjectConfigurationPlatforms) = postSolution
		{04F48808-1EE2-4414-997B-877EF924F53A}.Ad-Hoc|Any CPU.ActiveCfg = Release|Any CPU
		{04F48808-1EE2-4414-997B-877EF924F53A}.Ad-Hoc|Any CPU.Build.0 = Release|Any CPU
		{04F48808-1EE2-4414-997B-877EF924F53A}.Ad-Hoc|Any CPU.Deploy.0 = Release|Any CPU
		{04F48808-1EE2-4414-997B-877EF924F53A}.Ad-Hoc|ARM.ActiveCfg = Release|Any CPU
		{04F48808-1EE2-4414-997B-877EF924F53A}.Ad-Hoc|ARM.Build.0 = Release|Any CPU
		{04F48808-1EE2-4414-997B-877EF924F53A}.Ad-Hoc|ARM.Deploy.0 = Release|Any CPU
		{04F48808-1EE2-4414-997B-877EF924F53A}.Ad-Hoc|iPhone.ActiveCfg = Release|Any CPU
		{04F48808-1EE2-4414-997B-877EF924F53A}.Ad-Hoc|iPhone.Build.0 = Release|Any CPU
		{04F48808-1EE2-4414-997B-877EF924F53A}.Ad-Hoc|iPhone.Deploy.0 = Release|Any CPU
		{04F48808-1EE2-4414-997B-877EF924F53A}.Ad-Hoc|iPhoneSimulator.ActiveCfg = Release|Any CPU
		{04F48808-1EE2-4414-997B-877EF924F53A}.Ad-Hoc|iPhoneSimulator.Build.0 = Release|Any CPU
		{04F48808-1EE2-4414-997B-877EF924F53A}.Ad-Hoc|iPhoneSimulator.Deploy.0 = Release|Any CPU
		{04F48808-1EE2-4414-997B-877EF924F53A}.Ad-Hoc|x64.ActiveCfg = Release|Any CPU
		{04F48808-1EE2-4414-997B-877EF924F53A}.Ad-Hoc|x64.Build.0 = Release|Any CPU
		{04F48808-1EE2-4414-997B-877EF924F53A}.Ad-Hoc|x64.Deploy.0 = Release|Any CPU
		{04F48808-1EE2-4414-997B-877EF924F53A}.Ad-Hoc|x86.ActiveCfg = Release|Any CPU
		{04F48808-1EE2-4414-997B-877EF924F53A}.Ad-Hoc|x86.Build.0 = Release|Any CPU
		{04F48808-1EE2-4414-997B-877EF924F53A}.Ad-Hoc|x86.Deploy.0 = Release|Any CPU
		{04F48808-1EE2-4414-997B-877EF924F53A}.AppStore|Any CPU.ActiveCfg = Release|Any CPU
		{04F48808-1EE2-4414-997B-877EF924F53A}.AppStore|Any CPU.Build.0 = Release|Any CPU
		{04F48808-1EE2-4414-997B-877EF924F53A}.AppStore|Any CPU.Deploy.0 = Release|Any CPU
		{04F48808-1EE2-4414-997B-877EF924F53A}.AppStore|ARM.ActiveCfg = Release|Any CPU
		{04F48808-1EE2-4414-997B-877EF924F53A}.AppStore|ARM.Build.0 = Release|Any CPU
		{04F48808-1EE2-4414-997B-877EF924F53A}.AppStore|ARM.Deploy.0 = Release|Any CPU
		{04F48808-1EE2-4414-997B-877EF924F53A}.AppStore|iPhone.ActiveCfg = Release|Any CPU
		{04F48808-1EE2-4414-997B-877EF924F53A}.AppStore|iPhone.Build.0 = Release|Any CPU
		{04F48808-1EE2-4414-997B-877EF924F53A}.AppStore|iPhone.Deploy.0 = Release|Any CPU
		{04F48808-1EE2-4414-997B-877EF924F53A}.AppStore|iPhoneSimulator.ActiveCfg = Release|Any CPU
		{04F48808-1EE2-4414-997B-877EF924F53A}.AppStore|iPhoneSimulator.Build.0 = Release|Any CPU
		{04F48808-1EE2-4414-997B-877EF924F53A}.AppStore|iPhoneSimulator.Deploy.0 = Release|Any CPU
		{04F48808-1EE2-4414-997B-877EF924F53A}.AppStore|x64.ActiveCfg = Release|Any CPU
		{04F48808-1EE2-4414-997B-877EF924F53A}.AppStore|x64.Build.0 = Release|Any CPU
		{04F48808-1EE2-4414-997B-877EF924F53A}.AppStore|x64.Deploy.0 = Release|Any CPU
		{04F48808-1EE2-4414-997B-877EF924F53A}.AppStore|x86.ActiveCfg = Release|Any CPU
		{04F48808-1EE2-4414-997B-877EF924F53A}.AppStore|x86.Build.0 = Release|Any CPU
		{04F48808-1EE2-4414-997B-877EF924F53A}.AppStore|x86.Deploy.0 = Release|Any CPU
		{04F48808-1EE2-4414-997B-877EF924F53A}.Debug|Any CPU.ActiveCfg = Debug|Any CPU
		{04F48808-1EE2-4414-997B-877EF924F53A}.Debug|Any CPU.Build.0 = Debug|Any CPU
		{04F48808-1EE2-4414-997B-877EF924F53A}.Debug|Any CPU.Deploy.0 = Debug|Any CPU
		{04F48808-1EE2-4414-997B-877EF924F53A}.Debug|ARM.ActiveCfg = Debug|Any CPU
		{04F48808-1EE2-4414-997B-877EF924F53A}.Debug|ARM.Build.0 = Debug|Any CPU
		{04F48808-1EE2-4414-997B-877EF924F53A}.Debug|ARM.Deploy.0 = Debug|Any CPU
		{04F48808-1EE2-4414-997B-877EF924F53A}.Debug|iPhone.ActiveCfg = Debug|Any CPU
		{04F48808-1EE2-4414-997B-877EF924F53A}.Debug|iPhone.Build.0 = Debug|Any CPU
		{04F48808-1EE2-4414-997B-877EF924F53A}.Debug|iPhone.Deploy.0 = Debug|Any CPU
		{04F48808-1EE2-4414-997B-877EF924F53A}.Debug|iPhoneSimulator.ActiveCfg = Debug|Any CPU
		{04F48808-1EE2-4414-997B-877EF924F53A}.Debug|iPhoneSimulator.Build.0 = Debug|Any CPU
		{04F48808-1EE2-4414-997B-877EF924F53A}.Debug|iPhoneSimulator.Deploy.0 = Debug|Any CPU
		{04F48808-1EE2-4414-997B-877EF924F53A}.Debug|x64.ActiveCfg = Debug|Any CPU
		{04F48808-1EE2-4414-997B-877EF924F53A}.Debug|x64.Build.0 = Debug|Any CPU
		{04F48808-1EE2-4414-997B-877EF924F53A}.Debug|x64.Deploy.0 = Debug|Any CPU
		{04F48808-1EE2-4414-997B-877EF924F53A}.Debug|x86.ActiveCfg = Debug|Any CPU
		{04F48808-1EE2-4414-997B-877EF924F53A}.Debug|x86.Build.0 = Debug|Any CPU
		{04F48808-1EE2-4414-997B-877EF924F53A}.Debug|x86.Deploy.0 = Debug|Any CPU
		{04F48808-1EE2-4414-997B-877EF924F53A}.Release|Any CPU.ActiveCfg = Release|Any CPU
		{04F48808-1EE2-4414-997B-877EF924F53A}.Release|Any CPU.Build.0 = Release|Any CPU
		{04F48808-1EE2-4414-997B-877EF924F53A}.Release|Any CPU.Deploy.0 = Release|Any CPU
		{04F48808-1EE2-4414-997B-877EF924F53A}.Release|ARM.ActiveCfg = Release|Any CPU
		{04F48808-1EE2-4414-997B-877EF924F53A}.Release|ARM.Build.0 = Release|Any CPU
		{04F48808-1EE2-4414-997B-877EF924F53A}.Release|ARM.Deploy.0 = Release|Any CPU
		{04F48808-1EE2-4414-997B-877EF924F53A}.Release|iPhone.ActiveCfg = Release|Any CPU
		{04F48808-1EE2-4414-997B-877EF924F53A}.Release|iPhone.Build.0 = Release|Any CPU
		{04F48808-1EE2-4414-997B-877EF924F53A}.Release|iPhone.Deploy.0 = Release|Any CPU
		{04F48808-1EE2-4414-997B-877EF924F53A}.Release|iPhoneSimulator.ActiveCfg = Release|Any CPU
		{04F48808-1EE2-4414-997B-877EF924F53A}.Release|iPhoneSimulator.Build.0 = Release|Any CPU
		{04F48808-1EE2-4414-997B-877EF924F53A}.Release|iPhoneSimulator.Deploy.0 = Release|Any CPU
		{04F48808-1EE2-4414-997B-877EF924F53A}.Release|x64.ActiveCfg = Release|Any CPU
		{04F48808-1EE2-4414-997B-877EF924F53A}.Release|x64.Build.0 = Release|Any CPU
		{04F48808-1EE2-4414-997B-877EF924F53A}.Release|x64.Deploy.0 = Release|Any CPU
		{04F48808-1EE2-4414-997B-877EF924F53A}.Release|x86.ActiveCfg = Release|Any CPU
		{04F48808-1EE2-4414-997B-877EF924F53A}.Release|x86.Build.0 = Release|Any CPU
		{04F48808-1EE2-4414-997B-877EF924F53A}.Release|x86.Deploy.0 = Release|Any CPU
		{9519896A-5938-4450-8D02-9C7CAC2DC989}.Ad-Hoc|Any CPU.ActiveCfg = Ad-Hoc|iPhone
		{9519896A-5938-4450-8D02-9C7CAC2DC989}.Ad-Hoc|ARM.ActiveCfg = Ad-Hoc|iPhone
		{9519896A-5938-4450-8D02-9C7CAC2DC989}.Ad-Hoc|iPhone.ActiveCfg = Ad-Hoc|iPhone
		{9519896A-5938-4450-8D02-9C7CAC2DC989}.Ad-Hoc|iPhone.Build.0 = Ad-Hoc|iPhone
		{9519896A-5938-4450-8D02-9C7CAC2DC989}.Ad-Hoc|iPhoneSimulator.ActiveCfg = Ad-Hoc|iPhoneSimulator
		{9519896A-5938-4450-8D02-9C7CAC2DC989}.Ad-Hoc|iPhoneSimulator.Build.0 = Ad-Hoc|iPhoneSimulator
		{9519896A-5938-4450-8D02-9C7CAC2DC989}.Ad-Hoc|x64.ActiveCfg = Ad-Hoc|iPhone
		{9519896A-5938-4450-8D02-9C7CAC2DC989}.Ad-Hoc|x86.ActiveCfg = Ad-Hoc|iPhone
		{9519896A-5938-4450-8D02-9C7CAC2DC989}.AppStore|Any CPU.ActiveCfg = AppStore|iPhone
		{9519896A-5938-4450-8D02-9C7CAC2DC989}.AppStore|ARM.ActiveCfg = AppStore|iPhone
		{9519896A-5938-4450-8D02-9C7CAC2DC989}.AppStore|iPhone.ActiveCfg = AppStore|iPhone
		{9519896A-5938-4450-8D02-9C7CAC2DC989}.AppStore|iPhone.Build.0 = AppStore|iPhone
		{9519896A-5938-4450-8D02-9C7CAC2DC989}.AppStore|iPhoneSimulator.ActiveCfg = AppStore|iPhoneSimulator
		{9519896A-5938-4450-8D02-9C7CAC2DC989}.AppStore|iPhoneSimulator.Build.0 = AppStore|iPhoneSimulator
		{9519896A-5938-4450-8D02-9C7CAC2DC989}.AppStore|x64.ActiveCfg = AppStore|iPhone
		{9519896A-5938-4450-8D02-9C7CAC2DC989}.AppStore|x86.ActiveCfg = AppStore|iPhone
		{9519896A-5938-4450-8D02-9C7CAC2DC989}.Debug|Any CPU.ActiveCfg = Debug|iPhone
		{9519896A-5938-4450-8D02-9C7CAC2DC989}.Debug|ARM.ActiveCfg = Debug|iPhone
		{9519896A-5938-4450-8D02-9C7CAC2DC989}.Debug|iPhone.ActiveCfg = Debug|iPhone
		{9519896A-5938-4450-8D02-9C7CAC2DC989}.Debug|iPhone.Build.0 = Debug|iPhone
		{9519896A-5938-4450-8D02-9C7CAC2DC989}.Debug|iPhoneSimulator.ActiveCfg = Debug|iPhoneSimulator
		{9519896A-5938-4450-8D02-9C7CAC2DC989}.Debug|iPhoneSimulator.Build.0 = Debug|iPhoneSimulator
		{9519896A-5938-4450-8D02-9C7CAC2DC989}.Debug|x64.ActiveCfg = Debug|iPhone
		{9519896A-5938-4450-8D02-9C7CAC2DC989}.Debug|x86.ActiveCfg = Debug|iPhone
		{9519896A-5938-4450-8D02-9C7CAC2DC989}.Release|Any CPU.ActiveCfg = Release|iPhone
		{9519896A-5938-4450-8D02-9C7CAC2DC989}.Release|ARM.ActiveCfg = Release|iPhone
		{9519896A-5938-4450-8D02-9C7CAC2DC989}.Release|iPhone.ActiveCfg = Release|iPhone
		{9519896A-5938-4450-8D02-9C7CAC2DC989}.Release|iPhone.Build.0 = Release|iPhone
		{9519896A-5938-4450-8D02-9C7CAC2DC989}.Release|iPhoneSimulator.ActiveCfg = Release|iPhoneSimulator
		{9519896A-5938-4450-8D02-9C7CAC2DC989}.Release|iPhoneSimulator.Build.0 = Release|iPhoneSimulator
		{9519896A-5938-4450-8D02-9C7CAC2DC989}.Release|x64.ActiveCfg = Release|iPhone
		{9519896A-5938-4450-8D02-9C7CAC2DC989}.Release|x86.ActiveCfg = Release|iPhone
		{4CA53BCA-1FA2-4E2D-BB9D-2D4273AB7966}.Ad-Hoc|Any CPU.ActiveCfg = Release|x86
		{4CA53BCA-1FA2-4E2D-BB9D-2D4273AB7966}.Ad-Hoc|Any CPU.Build.0 = Release|x86
		{4CA53BCA-1FA2-4E2D-BB9D-2D4273AB7966}.Ad-Hoc|Any CPU.Deploy.0 = Release|x86
		{4CA53BCA-1FA2-4E2D-BB9D-2D4273AB7966}.Ad-Hoc|ARM.ActiveCfg = Release|ARM
		{4CA53BCA-1FA2-4E2D-BB9D-2D4273AB7966}.Ad-Hoc|ARM.Build.0 = Release|ARM
		{4CA53BCA-1FA2-4E2D-BB9D-2D4273AB7966}.Ad-Hoc|ARM.Deploy.0 = Release|ARM
		{4CA53BCA-1FA2-4E2D-BB9D-2D4273AB7966}.Ad-Hoc|iPhone.ActiveCfg = Release|x86
		{4CA53BCA-1FA2-4E2D-BB9D-2D4273AB7966}.Ad-Hoc|iPhone.Build.0 = Release|x86
		{4CA53BCA-1FA2-4E2D-BB9D-2D4273AB7966}.Ad-Hoc|iPhone.Deploy.0 = Release|x86
		{4CA53BCA-1FA2-4E2D-BB9D-2D4273AB7966}.Ad-Hoc|iPhoneSimulator.ActiveCfg = Release|x86
		{4CA53BCA-1FA2-4E2D-BB9D-2D4273AB7966}.Ad-Hoc|iPhoneSimulator.Build.0 = Release|x86
		{4CA53BCA-1FA2-4E2D-BB9D-2D4273AB7966}.Ad-Hoc|iPhoneSimulator.Deploy.0 = Release|x86
		{4CA53BCA-1FA2-4E2D-BB9D-2D4273AB7966}.Ad-Hoc|x64.ActiveCfg = Release|x64
		{4CA53BCA-1FA2-4E2D-BB9D-2D4273AB7966}.Ad-Hoc|x64.Build.0 = Release|x64
		{4CA53BCA-1FA2-4E2D-BB9D-2D4273AB7966}.Ad-Hoc|x64.Deploy.0 = Release|x64
		{4CA53BCA-1FA2-4E2D-BB9D-2D4273AB7966}.Ad-Hoc|x86.ActiveCfg = Release|x86
		{4CA53BCA-1FA2-4E2D-BB9D-2D4273AB7966}.Ad-Hoc|x86.Build.0 = Release|x86
		{4CA53BCA-1FA2-4E2D-BB9D-2D4273AB7966}.Ad-Hoc|x86.Deploy.0 = Release|x86
		{4CA53BCA-1FA2-4E2D-BB9D-2D4273AB7966}.AppStore|Any CPU.ActiveCfg = Release|x86
		{4CA53BCA-1FA2-4E2D-BB9D-2D4273AB7966}.AppStore|Any CPU.Build.0 = Release|x86
		{4CA53BCA-1FA2-4E2D-BB9D-2D4273AB7966}.AppStore|Any CPU.Deploy.0 = Release|x86
		{4CA53BCA-1FA2-4E2D-BB9D-2D4273AB7966}.AppStore|ARM.ActiveCfg = Release|ARM
		{4CA53BCA-1FA2-4E2D-BB9D-2D4273AB7966}.AppStore|ARM.Build.0 = Release|ARM
		{4CA53BCA-1FA2-4E2D-BB9D-2D4273AB7966}.AppStore|ARM.Deploy.0 = Release|ARM
		{4CA53BCA-1FA2-4E2D-BB9D-2D4273AB7966}.AppStore|iPhone.ActiveCfg = Release|x86
		{4CA53BCA-1FA2-4E2D-BB9D-2D4273AB7966}.AppStore|iPhone.Build.0 = Release|x86
		{4CA53BCA-1FA2-4E2D-BB9D-2D4273AB7966}.AppStore|iPhone.Deploy.0 = Release|x86
		{4CA53BCA-1FA2-4E2D-BB9D-2D4273AB7966}.AppStore|iPhoneSimulator.ActiveCfg = Release|x86
		{4CA53BCA-1FA2-4E2D-BB9D-2D4273AB7966}.AppStore|iPhoneSimulator.Build.0 = Release|x86
		{4CA53BCA-1FA2-4E2D-BB9D-2D4273AB7966}.AppStore|iPhoneSimulator.Deploy.0 = Release|x86
		{4CA53BCA-1FA2-4E2D-BB9D-2D4273AB7966}.AppStore|x64.ActiveCfg = Release|x64
		{4CA53BCA-1FA2-4E2D-BB9D-2D4273AB7966}.AppStore|x64.Build.0 = Release|x64
		{4CA53BCA-1FA2-4E2D-BB9D-2D4273AB7966}.AppStore|x64.Deploy.0 = Release|x64
		{4CA53BCA-1FA2-4E2D-BB9D-2D4273AB7966}.AppStore|x86.ActiveCfg = Release|x86
		{4CA53BCA-1FA2-4E2D-BB9D-2D4273AB7966}.AppStore|x86.Build.0 = Release|x86
		{4CA53BCA-1FA2-4E2D-BB9D-2D4273AB7966}.AppStore|x86.Deploy.0 = Release|x86
		{4CA53BCA-1FA2-4E2D-BB9D-2D4273AB7966}.Debug|Any CPU.ActiveCfg = Debug|x86
		{4CA53BCA-1FA2-4E2D-BB9D-2D4273AB7966}.Debug|ARM.ActiveCfg = Debug|ARM
		{4CA53BCA-1FA2-4E2D-BB9D-2D4273AB7966}.Debug|ARM.Build.0 = Debug|ARM
		{4CA53BCA-1FA2-4E2D-BB9D-2D4273AB7966}.Debug|ARM.Deploy.0 = Debug|ARM
		{4CA53BCA-1FA2-4E2D-BB9D-2D4273AB7966}.Debug|iPhone.ActiveCfg = Debug|x86
		{4CA53BCA-1FA2-4E2D-BB9D-2D4273AB7966}.Debug|iPhoneSimulator.ActiveCfg = Debug|x86
		{4CA53BCA-1FA2-4E2D-BB9D-2D4273AB7966}.Debug|x64.ActiveCfg = Debug|x64
		{4CA53BCA-1FA2-4E2D-BB9D-2D4273AB7966}.Debug|x64.Build.0 = Debug|x64
		{4CA53BCA-1FA2-4E2D-BB9D-2D4273AB7966}.Debug|x64.Deploy.0 = Debug|x64
		{4CA53BCA-1FA2-4E2D-BB9D-2D4273AB7966}.Debug|x86.ActiveCfg = Debug|x86
		{4CA53BCA-1FA2-4E2D-BB9D-2D4273AB7966}.Debug|x86.Build.0 = Debug|x86
		{4CA53BCA-1FA2-4E2D-BB9D-2D4273AB7966}.Debug|x86.Deploy.0 = Debug|x86
		{4CA53BCA-1FA2-4E2D-BB9D-2D4273AB7966}.Release|Any CPU.ActiveCfg = Release|x86
		{4CA53BCA-1FA2-4E2D-BB9D-2D4273AB7966}.Release|ARM.ActiveCfg = Release|ARM
		{4CA53BCA-1FA2-4E2D-BB9D-2D4273AB7966}.Release|ARM.Build.0 = Release|ARM
		{4CA53BCA-1FA2-4E2D-BB9D-2D4273AB7966}.Release|ARM.Deploy.0 = Release|ARM
		{4CA53BCA-1FA2-4E2D-BB9D-2D4273AB7966}.Release|iPhone.ActiveCfg = Release|x86
		{4CA53BCA-1FA2-4E2D-BB9D-2D4273AB7966}.Release|iPhoneSimulator.ActiveCfg = Release|x86
		{4CA53BCA-1FA2-4E2D-BB9D-2D4273AB7966}.Release|x64.ActiveCfg = Release|x64
		{4CA53BCA-1FA2-4E2D-BB9D-2D4273AB7966}.Release|x64.Build.0 = Release|x64
		{4CA53BCA-1FA2-4E2D-BB9D-2D4273AB7966}.Release|x64.Deploy.0 = Release|x64
		{4CA53BCA-1FA2-4E2D-BB9D-2D4273AB7966}.Release|x86.ActiveCfg = Release|x86
		{4CA53BCA-1FA2-4E2D-BB9D-2D4273AB7966}.Release|x86.Build.0 = Release|x86
		{4CA53BCA-1FA2-4E2D-BB9D-2D4273AB7966}.Release|x86.Deploy.0 = Release|x86
	EndGlobalSection
	GlobalSection(SolutionProperties) = preSolution
		HideSolutionNode = FALSE
	EndGlobalSection
EndGlobal
